
Microsoft Visual Studio Solution File, Format Version 12.00
# Visual Studio Version 17
VisualStudioVersion = 17.13.35806.99 d17.13
MinimumVisualStudioVersion = 10.0.40219.1
Project("{FAE04EC0-301F-11D3-BF4B-00C04F79EFBC}") = "Provider", "Provider\Provider.csproj", "{622DF1B6-0F36-45E7-A70A-01693AFBF73C}"
EndProject
Global
	GlobalSection(SolutionConfigurationPlatforms) = preSolution
		Debug|Any CPU = Debug|Any CPU
		Release|Any CPU = Release|Any CPU
	EndGlobalSection
	GlobalSection(ProjectConfigurationPlatforms) = postSolution
		{622DF1B6-0F36-45E7-A70A-01693AFBF73C}.Debug|Any CPU.ActiveCfg = Debug|Any CPU
		{622DF1B6-0F36-45E7-A70A-01693AFBF73C}.Debug|Any CPU.Build.0 = Debug|Any CPU
		{622DF1B6-0F36-45E7-A70A-01693AFBF73C}.Release|Any CPU.ActiveCfg = Release|Any CPU
		{622DF1B6-0F36-45E7-A70A-01693AFBF73C}.Release|Any CPU.Build.0 = Release|Any CPU
	EndGlobalSection
	GlobalSection(SolutionProperties) = preSolution
		HideSolutionNode = FALSE
	EndGlobalSection
	GlobalSection(ExtensibilityGlobals) = postSolution
		SolutionGuid = {957C983A-3775-4E80-BE94-2A0757852215}
	EndGlobalSection
EndGlobal
